
Microsoft Visual Studio Solution File, Format Version 12.00
# Visual Studio Version 17
VisualStudioVersion = 17.14.36202.13 d17.14
MinimumVisualStudioVersion = 10.0.40219.1
Project("{FAE04EC0-301F-11D3-BF4B-00C04F79EFBC}") = "EmployeeManagement", "EmployeeManagement\EmployeeManagement.csproj", "{A1636851-0BAF-4915-BBDA-9F859B93E5D9}"
EndProject
Global
	GlobalSection(SolutionConfigurationPlatforms) = preSolution
		Debug|Any CPU = Debug|Any CPU
		Release|Any CPU = Release|Any CPU
	EndGlobalSection
	GlobalSection(ProjectConfigurationPlatforms) = postSolution
		{A1636851-0BAF-4915-BBDA-9F859B93E5D9}.Debug|Any CPU.ActiveCfg = Debug|Any CPU
		{A1636851-0BAF-4915-BBDA-9F859B93E5D9}.Debug|Any CPU.Build.0 = Debug|Any CPU
		{A1636851-0BAF-4915-BBDA-9F859B93E5D9}.Release|Any CPU.ActiveCfg = Release|Any CPU
		{A1636851-0BAF-4915-BBDA-9F859B93E5D9}.Release|Any CPU.Build.0 = Release|Any CPU
	EndGlobalSection
	GlobalSection(SolutionProperties) = preSolution
		HideSolutionNode = FALSE
	EndGlobalSection
	GlobalSection(ExtensibilityGlobals) = postSolution
		SolutionGuid = {F0E55FF9-FAEF-4AF9-B31F-9832BAC0DB35}
	EndGlobalSection
EndGlobal
